
Microsoft Visual Studio Solution File, Format Version 12.00
# Visual Studio 15
VisualStudioVersion = 15.0.28010.2019
MinimumVisualStudioVersion = 10.0.40219.1
Project("{FAE04EC0-301F-11D3-BF4B-00C04F79EFBC}") = "Configuration.WebApi", "Configuration.WebApi\Configuration.WebApi.csproj", "{6FEF3297-5C9F-4C12-8B4B-C541B99E94C1}"
EndProject
Project("{2150E333-8FDC-42A3-9474-1A3956D46DE8}") = "WebApi", "WebApi", "{7BDF1BB8-021F-4E2F-A9CE-092E6510B310}"
EndProject
Project("{FAE04EC0-301F-11D3-BF4B-00C04F79EFBC}") = "Configuration.Library", "Configuration.Library\Configuration.Library.csproj", "{5A44BB30-5D7C-4AFE-85D1-13E7A61A7F9E}"
EndProject
Project("{2150E333-8FDC-42A3-9474-1A3956D46DE8}") = "Library", "Library", "{11F63A5B-DB18-4661-BC9D-6499DA41E4E9}"
EndProject
Project("{2150E333-8FDC-42A3-9474-1A3956D46DE8}") = "Infrastructure", "Infrastructure", "{A774B099-B8DD-4D63-AA7A-B46FDD826CD6}"
EndProject
Project("{FAE04EC0-301F-11D3-BF4B-00C04F79EFBC}") = "Configuration.Infrastructure", "Configuration.Infrastructure\Configuration.Infrastructure.csproj", "{A547FA74-D434-42FC-B300-CDDF2A7A25FA}"
EndProject
Global
	GlobalSection(SolutionConfigurationPlatforms) = preSolution
		Debug|Any CPU = Debug|Any CPU
		Release|Any CPU = Release|Any CPU
	EndGlobalSection
	GlobalSection(ProjectConfigurationPlatforms) = postSolution
		{6FEF3297-5C9F-4C12-8B4B-C541B99E94C1}.Debug|Any CPU.ActiveCfg = Debug|Any CPU
		{6FEF3297-5C9F-4C12-8B4B-C541B99E94C1}.Debug|Any CPU.Build.0 = Debug|Any CPU
		{6FEF3297-5C9F-4C12-8B4B-C541B99E94C1}.Release|Any CPU.ActiveCfg = Release|Any CPU
		{6FEF3297-5C9F-4C12-8B4B-C541B99E94C1}.Release|Any CPU.Build.0 = Release|Any CPU
		{5A44BB30-5D7C-4AFE-85D1-13E7A61A7F9E}.Debug|Any CPU.ActiveCfg = Debug|Any CPU
		{5A44BB30-5D7C-4AFE-85D1-13E7A61A7F9E}.Debug|Any CPU.Build.0 = Debug|Any CPU
		{5A44BB30-5D7C-4AFE-85D1-13E7A61A7F9E}.Release|Any CPU.ActiveCfg = Release|Any CPU
		{5A44BB30-5D7C-4AFE-85D1-13E7A61A7F9E}.Release|Any CPU.Build.0 = Release|Any CPU
		{A547FA74-D434-42FC-B300-CDDF2A7A25FA}.Debug|Any CPU.ActiveCfg = Debug|Any CPU
		{A547FA74-D434-42FC-B300-CDDF2A7A25FA}.Debug|Any CPU.Build.0 = Debug|Any CPU
		{A547FA74-D434-42FC-B300-CDDF2A7A25FA}.Release|Any CPU.ActiveCfg = Release|Any CPU
		{A547FA74-D434-42FC-B300-CDDF2A7A25FA}.Release|Any CPU.Build.0 = Release|Any CPU
	EndGlobalSection
	GlobalSection(SolutionProperties) = preSolution
		HideSolutionNode = FALSE
	EndGlobalSection
	GlobalSection(NestedProjects) = preSolution
		{6FEF3297-5C9F-4C12-8B4B-C541B99E94C1} = {7BDF1BB8-021F-4E2F-A9CE-092E6510B310}
		{5A44BB30-5D7C-4AFE-85D1-13E7A61A7F9E} = {11F63A5B-DB18-4661-BC9D-6499DA41E4E9}
		{A547FA74-D434-42FC-B300-CDDF2A7A25FA} = {A774B099-B8DD-4D63-AA7A-B46FDD826CD6}
	EndGlobalSection
	GlobalSection(ExtensibilityGlobals) = postSolution
		SolutionGuid = {96DFB980-5673-4B8A-8057-51E835B829EC}
	EndGlobalSection
EndGlobal
